// !$*UTF8*$!
{
	archiveVersion = 1;
	classes = {
	};
	objectVersion = 56;
	objects = {

/* Begin PBXBuildFile section */
		6F8F73562AF92E01006D6AF3 /* AppDelegate.swift in Sources */ = {isa = PBXBuildFile; fileRef = 6F8F73552AF92E01006D6AF3 /* AppDelegate.swift */; };
		6F8F73582AF92E01006D6AF3 /* SceneDelegate.swift in Sources */ = {isa = PBXBuildFile; fileRef = 6F8F73572AF92E01006D6AF3 /* SceneDelegate.swift */; };
		6F8F735A2AF92E01006D6AF3 /* ViewController.swift in Sources */ = {isa = PBXBuildFile; fileRef = 6F8F73592AF92E01006D6AF3 /* ViewController.swift */; };
		6F8F735D2AF92E01006D6AF3 /* Main.storyboard in Resources */ = {isa = PBXBuildFile; fileRef = 6F8F735B2AF92E01006D6AF3 /* Main.storyboard */; };
		6F8F735F2AF92E02006D6AF3 /* Assets.xcassets in Resources */ = {isa = PBXBuildFile; fileRef = 6F8F735E2AF92E02006D6AF3 /* Assets.xcassets */; };
		6F8F73622AF92E02006D6AF3 /* LaunchScreen.storyboard in Resources */ = {isa = PBXBuildFile; fileRef = 6F8F73602AF92E02006D6AF3 /* LaunchScreen.storyboard */; };
		6F8F736D2AF92E02006D6AF3 /* DrawingAppTests.swift in Sources */ = {isa = PBXBuildFile; fileRef = 6F8F736C2AF92E02006D6AF3 /* DrawingAppTests.swift */; };
		6F8F73772AF92E02006D6AF3 /* DrawingAppUITests.swift in Sources */ = {isa = PBXBuildFile; fileRef = 6F8F73762AF92E02006D6AF3 /* DrawingAppUITests.swift */; };
		6F8F73792AF92E02006D6AF3 /* DrawingAppUITestsLaunchTests.swift in Sources */ = {isa = PBXBuildFile; fileRef = 6F8F73782AF92E02006D6AF3 /* DrawingAppUITestsLaunchTests.swift */; };
/* End PBXBuildFile section */

/* Begin PBXContainerItemProxy section */
		6F8F73692AF92E02006D6AF3 /* PBXContainerItemProxy */ = {
			isa = PBXContainerItemProxy;
			containerPortal = 6F8F734A2AF92E01006D6AF3 /* Project object */;
			proxyType = 1;
			remoteGlobalIDString = 6F8F73512AF92E01006D6AF3;
			remoteInfo = DrawingApp;
		};
		6F8F73732AF92E02006D6AF3 /* PBXContainerItemProxy */ = {
			isa = PBXContainerItemProxy;
			containerPortal = 6F8F734A2AF92E01006D6AF3 /* Project object */;
			proxyType = 1;
			remoteGlobalIDString = 6F8F73512AF92E01006D6AF3;
			remoteInfo = DrawingApp;
		};
/* End PBXContainerItemProxy section */

/* Begin PBXFileReference section */
		6F8F73522AF92E01006D6AF3 /* DrawingApp.app */ = {isa = PBXFileReference; explicitFileType = wrapper.application; includeInIndex = 0; path = DrawingApp.app; sourceTree = BUILT_PRODUCTS_DIR; };
		6F8F73552AF92E01006D6AF3 /* AppDelegate.swift */ = {isa = PBXFileReference; lastKnownFileType = sourcecode.swift; path = AppDelegate.swift; sourceTree = "<group>"; };
		6F8F73572AF92E01006D6AF3 /* SceneDelegate.swift */ = {isa = PBXFileReference; lastKnownFileType = sourcecode.swift; path = SceneDelegate.swift; sourceTree = "<group>"; };
		6F8F73592AF92E01006D6AF3 /* ViewController.swift */ = {isa = PBXFileReference; lastKnownFileType = sourcecode.swift; path = ViewController.swift; sourceTree = "<group>"; };
		6F8F735C2AF92E01006D6AF3 /* Base */ = {isa = PBXFileReference; lastKnownFileType = file.storyboard; name = Base; path = Base.lproj/Main.storyboard; sourceTree = "<group>"; };
		6F8F735E2AF92E02006D6AF3 /* Assets.xcassets */ = {isa = PBXFileReference; lastKnownFileType = folder.assetcatalog; path = Assets.xcassets; sourceTree = "<group>"; };
		6F8F73612AF92E02006D6AF3 /* Base */ = {isa = PBXFileReference; lastKnownFileType = file.storyboard; name = Base; path = Base.lproj/LaunchScreen.storyboard; sourceTree = "<group>"; };
		6F8F73632AF92E02006D6AF3 /* Info.plist */ = {isa = PBXFileReference; lastKnownFileType = text.plist.xml; path = Info.plist; sourceTree = "<group>"; };
		6F8F73682AF92E02006D6AF3 /* DrawingAppTests.xctest */ = {isa = PBXFileReference; explicitFileType = wrapper.cfbundle; includeInIndex = 0; path = DrawingAppTests.xctest; sourceTree = BUILT_PRODUCTS_DIR; };
		6F8F736C2AF92E02006D6AF3 /* DrawingAppTests.swift */ = {isa = PBXFileReference; lastKnownFileType = sourcecode.swift; path = DrawingAppTests.swift; sourceTree = "<group>"; };
		6F8F73722AF92E02006D6AF3 /* DrawingAppUITests.xctest */ = {isa = PBXFileReference; explicitFileType = wrapper.cfbundle; includeInIndex = 0; path = DrawingAppUITests.xctest; sourceTree = BUILT_PRODUCTS_DIR; };
		6F8F73762AF92E02006D6AF3 /* DrawingAppUITests.swift */ = {isa = PBXFileReference; lastKnownFileType = sourcecode.swift; path = DrawingAppUITests.swift; sourceTree = "<group>"; };
		6F8F73782AF92E02006D6AF3 /* DrawingAppUITestsLaunchTests.swift */ = {isa = PBXFileReference; lastKnownFileType = sourcecode.swift; path = DrawingAppUITestsLaunchTests.swift; sourceTree = "<group>"; };
/* End PBXFileReference section */

/* Begin PBXFrameworksBuildPhase section */
		6F8F734F2AF92E01006D6AF3 /* Frameworks */ = {
			isa = PBXFrameworksBuildPhase;
			buildActionMask = 2147483647;
			files = (
			);
			runOnlyForDeploymentPostprocessing = 0;
		};
		6F8F73652AF92E02006D6AF3 /* Frameworks */ = {
			isa = PBXFrameworksBuildPhase;
			buildActionMask = 2147483647;
			files = (
			);
			runOnlyForDeploymentPostprocessing = 0;
		};
		6F8F736F2AF92E02006D6AF3 /* Frameworks */ = {
			isa = PBXFrameworksBuildPhase;
			buildActionMask = 2147483647;
			files = (
			);
			runOnlyForDeploymentPostprocessing = 0;
		};
/* End PBXFrameworksBuildPhase section */

/* Begin PBXGroup section */
		6F8F73492AF92E01006D6AF3 = {
			isa = PBXGroup;
			children = (
				6F8F73542AF92E01006D6AF3 /* DrawingApp */,
				6F8F736B2AF92E02006D6AF3 /* DrawingAppTests */,
				6F8F73752AF92E02006D6AF3 /* DrawingAppUITests */,
				6F8F73532AF92E01006D6AF3 /* Products */,
			);
			sourceTree = "<group>";
		};
		6F8F73532AF92E01006D6AF3 /* Products */ = {
			isa = PBXGroup;
			children = (
				6F8F73522AF92E01006D6AF3 /* DrawingApp.app */,
				6F8F73682AF92E02006D6AF3 /* DrawingAppTests.xctest */,
				6F8F73722AF92E02006D6AF3 /* DrawingAppUITests.xctest */,
			);
			name = Products;
			sourceTree = "<group>";
		};
		6F8F73542AF92E01006D6AF3 /* DrawingApp */ = {
			isa = PBXGroup;
			children = (
				6F8F73552AF92E01006D6AF3 /* AppDelegate.swift */,
				6F8F73572AF92E01006D6AF3 /* SceneDelegate.swift */,
				6F8F73592AF92E01006D6AF3 /* ViewController.swift */,
				6F8F735B2AF92E01006D6AF3 /* Main.storyboard */,
				6F8F735E2AF92E02006D6AF3 /* Assets.xcassets */,
				6F8F73602AF92E02006D6AF3 /* LaunchScreen.storyboard */,
				6F8F73632AF92E02006D6AF3 /* Info.plist */,
			);
			path = DrawingApp;
			sourceTree = "<group>";
		};
		6F8F736B2AF92E02006D6AF3 /* DrawingAppTests */ = {
			isa = PBXGroup;
			children = (
				6F8F736C2AF92E02006D6AF3 /* DrawingAppTests.swift */,
			);
			path = DrawingAppTests;
			sourceTree = "<group>";
		};
		6F8F73752AF92E02006D6AF3 /* DrawingAppUITests */ = {
			isa = PBXGroup;
			children = (
				6F8F73762AF92E02006D6AF3 /* DrawingAppUITests.swift */,
				6F8F73782AF92E02006D6AF3 /* DrawingAppUITestsLaunchTests.swift */,
			);
			path = DrawingAppUITests;
			sourceTree = "<group>";
		};
/* End PBXGroup section */

/* Begin PBXNativeTarget section */
		6F8F73512AF92E01006D6AF3 /* DrawingApp */ = {
			isa = PBXNativeTarget;
			buildConfigurationList = 6F8F737C2AF92E02006D6AF3 /* Build configuration list for PBXNativeTarget "DrawingApp" */;
			buildPhases = (
				6F8F734E2AF92E01006D6AF3 /* Sources */,
				6F8F734F2AF92E01006D6AF3 /* Frameworks */,
				6F8F73502AF92E01006D6AF3 /* Resources */,
			);
			buildRules = (
			);
			dependencies = (
			);
			name = DrawingApp;
			productName = DrawingApp;
			productReference = 6F8F73522AF92E01006D6AF3 /* DrawingApp.app */;
			productType = "com.apple.product-type.application";
		};
		6F8F73672AF92E02006D6AF3 /* DrawingAppTests */ = {
			isa = PBXNativeTarget;
			buildConfigurationList = 6F8F737F2AF92E02006D6AF3 /* Build configuration list for PBXNativeTarget "DrawingAppTests" */;
			buildPhases = (
				6F8F73642AF92E02006D6AF3 /* Sources */,
				6F8F73652AF92E02006D6AF3 /* Frameworks */,
				6F8F73662AF92E02006D6AF3 /* Resources */,
			);
			buildRules = (
			);
			dependencies = (
				6F8F736A2AF92E02006D6AF3 /* PBXTargetDependency */,
			);
			name = DrawingAppTests;
			productName = DrawingAppTests;
			productReference = 6F8F73682AF92E02006D6AF3 /* DrawingAppTests.xctest */;
			productType = "com.apple.product-type.bundle.unit-test";
		};
		6F8F73712AF92E02006D6AF3 /* DrawingAppUITests */ = {
			isa = PBXNativeTarget;
			buildConfigurationList = 6F8F73822AF92E02006D6AF3 /* Build configuration list for PBXNativeTarget "DrawingAppUITests" */;
			buildPhases = (
				6F8F736E2AF92E02006D6AF3 /* Sources */,
				6F8F736F2AF92E02006D6AF3 /* Frameworks */,
				6F8F73702AF92E02006D6AF3 /* Resources */,
			);
			buildRules = (
			);
			dependencies = (
				6F8F73742AF92E02006D6AF3 /* PBXTargetDependency */,
			);
			name = DrawingAppUITests;
			productName = DrawingAppUITests;
			productReference = 6F8F73722AF92E02006D6AF3 /* DrawingAppUITests.xctest */;
			productType = "com.apple.product-type.bundle.ui-testing";
		};
/* End PBXNativeTarget section */

/* Begin PBXProject section */
		6F8F734A2AF92E01006D6AF3 /* Project object */ = {
			isa = PBXProject;
			attributes = {
				BuildIndependentTargetsInParallel = 1;
				LastSwiftUpdateCheck = 1500;
				LastUpgradeCheck = 1500;
				TargetAttributes = {
					6F8F73512AF92E01006D6AF3 = {
						CreatedOnToolsVersion = 15.0;
					};
					6F8F73672AF92E02006D6AF3 = {
						CreatedOnToolsVersion = 15.0;
						TestTargetID = 6F8F73512AF92E01006D6AF3;
					};
					6F8F73712AF92E02006D6AF3 = {
						CreatedOnToolsVersion = 15.0;
						TestTargetID = 6F8F73512AF92E01006D6AF3;
					};
				};
			};
			buildConfigurationList = 6F8F734D2AF92E01006D6AF3 /* Build configuration list for PBXProject "DrawingApp" */;
			compatibilityVersion = "Xcode 14.0";
			developmentRegion = en;
			hasScannedForEncodings = 0;
			knownRegions = (
				en,
				Base,
			);
			mainGroup = 6F8F73492AF92E01006D6AF3;
			productRefGroup = 6F8F73532AF92E01006D6AF3 /* Products */;
			projectDirPath = "";
			projectRoot = "";
			targets = (
				6F8F73512AF92E01006D6AF3 /* DrawingApp */,
				6F8F73672AF92E02006D6AF3 /* DrawingAppTests */,
				6F8F73712AF92E02006D6AF3 /* DrawingAppUITests */,
			);
		};
/* End PBXProject section */

/* Begin PBXResourcesBuildPhase section */
		6F8F73502AF92E01006D6AF3 /* Resources */ = {
			isa = PBXResourcesBuildPhase;
			buildActionMask = 2147483647;
			files = (
				6F8F73622AF92E02006D6AF3 /* LaunchScreen.storyboard in Resources */,
				6F8F735F2AF92E02006D6AF3 /* Assets.xcassets in Resources */,
				6F8F735D2AF92E01006D6AF3 /* Main.storyboard in Resources */,
			);
			runOnlyForDeploymentPostprocessing = 0;
		};
		6F8F73662AF92E02006D6AF3 /* Resources */ = {
			isa = PBXResourcesBuildPhase;
			buildActionMask = 2147483647;
			files = (
			);
			runOnlyForDeploymentPostprocessing = 0;
		};
		6F8F73702AF92E02006D6AF3 /* Resources */ = {
			isa = PBXResourcesBuildPhase;
			buildActionMask = 2147483647;
			files = (
			);
			runOnlyForDeploymentPostprocessing = 0;
		};
/* End PBXResourcesBuildPhase section */

/* Begin PBXSourcesBuildPhase section */
		6F8F734E2AF92E01006D6AF3 /* Sources */ = {
			isa = PBXSourcesBuildPhase;
			buildActionMask = 2147483647;
			files = (
				6F8F735A2AF92E01006D6AF3 /* ViewController.swift in Sources */,
				6F8F73562AF92E01006D6AF3 /* AppDelegate.swift in Sources */,
				6F8F73582AF92E01006D6AF3 /* SceneDelegate.swift in Sources */,
			);
			runOnlyForDeploymentPostprocessing = 0;
		};
		6F8F73642AF92E02006D6AF3 /* Sources */ = {
			isa = PBXSourcesBuildPhase;
			buildActionMask = 2147483647;
			files = (
				6F8F736D2AF92E02006D6AF3 /* DrawingAppTests.swift in Sources */,
			);
			runOnlyForDeploymentPostprocessing = 0;
		};
		6F8F736E2AF92E02006D6AF3 /* Sources */ = {
			isa = PBXSourcesBuildPhase;
			buildActionMask = 2147483647;
			files = (
				6F8F73772AF92E02006D6AF3 /* DrawingAppUITests.swift in Sources */,
				6F8F73792AF92E02006D6AF3 /* DrawingAppUITestsLaunchTests.swift in Sources */,
			);
			runOnlyForDeploymentPostprocessing = 0;
		};
/* End PBXSourcesBuildPhase section */

/* Begin PBXTargetDependency section */
		6F8F736A2AF92E02006D6AF3 /* PBXTargetDependency */ = {
			isa = PBXTargetDependency;
			target = 6F8F73512AF92E01006D6AF3 /* DrawingApp */;
			targetProxy = 6F8F73692AF92E02006D6AF3 /* PBXContainerItemProxy */;
		};
		6F8F73742AF92E02006D6AF3 /* PBXTargetDependency */ = {
			isa = PBXTargetDependency;
			target = 6F8F73512AF92E01006D6AF3 /* DrawingApp */;
			targetProxy = 6F8F73732AF92E02006D6AF3 /* PBXContainerItemProxy */;
		};
/* End PBXTargetDependency section */

/* Begin PBXVariantGroup section */
		6F8F735B2AF92E01006D6AF3 /* Main.storyboard */ = {
			isa = PBXVariantGroup;
			children = (
				6F8F735C2AF92E01006D6AF3 /* Base */,
			);
			name = Main.storyboard;
			sourceTree = "<group>";
		};
		6F8F73602AF92E02006D6AF3 /* LaunchScreen.storyboard */ = {
			isa = PBXVariantGroup;
			children = (
				6F8F73612AF92E02006D6AF3 /* Base */,
			);
			name = LaunchScreen.storyboard;
			sourceTree = "<group>";
		};
/* End PBXVariantGroup section */

/* Begin XCBuildConfiguration section */
		6F8F737A2AF92E02006D6AF3 /* Debug */ = {
			isa = XCBuildConfiguration;
			buildSettings = {
				ALWAYS_SEARCH_USER_PATHS = NO;
				ASSETCATALOG_COMPILER_GENERATE_SWIFT_ASSET_SYMBOL_EXTENSIONS = YES;
				CLANG_ANALYZER_NONNULL = YES;
				CLANG_ANALYZER_NUMBER_OBJECT_CONVERSION = YES_AGGRESSIVE;
				CLANG_CXX_LANGUAGE_STANDARD = "gnu++20";
				CLANG_ENABLE_MODULES = YES;
				CLANG_ENABLE_OBJC_ARC = YES;
				CLANG_ENABLE_OBJC_WEAK = YES;
				CLANG_WARN_BLOCK_CAPTURE_AUTORELEASING = YES;
				CLANG_WARN_BOOL_CONVERSION = YES;
				CLANG_WARN_COMMA = YES;
				CLANG_WARN_CONSTANT_CONVERSION = YES;
				CLANG_WARN_DEPRECATED_OBJC_IMPLEMENTATIONS = YES;
				CLANG_WARN_DIRECT_OBJC_ISA_USAGE = YES_ERROR;
				CLANG_WARN_DOCUMENTATION_COMMENTS = YES;
				CLANG_WARN_EMPTY_BODY = YES;
				CLANG_WARN_ENUM_CONVERSION = YES;
				CLANG_WARN_INFINITE_RECURSION = YES;
				CLANG_WARN_INT_CONVERSION = YES;
				CLANG_WARN_NON_LITERAL_NULL_CONVERSION = YES;
				CLANG_WARN_OBJC_IMPLICIT_RETAIN_SELF = YES;
				CLANG_WARN_OBJC_LITERAL_CONVERSION = YES;
				CLANG_WARN_OBJC_ROOT_CLASS = YES_ERROR;
				CLANG_WARN_QUOTED_INCLUDE_IN_FRAMEWORK_HEADER = YES;
				CLANG_WARN_RANGE_LOOP_ANALYSIS = YES;
				CLANG_WARN_STRICT_PROTOTYPES = YES;
				CLANG_WARN_SUSPICIOUS_MOVE = YES;
				CLANG_WARN_UNGUARDED_AVAILABILITY = YES_AGGRESSIVE;
				CLANG_WARN_UNREACHABLE_CODE = YES;
				CLANG_WARN__DUPLICATE_METHOD_MATCH = YES;
				COPY_PHASE_STRIP = NO;
				DEBUG_INFORMATION_FORMAT = dwarf;
				ENABLE_STRICT_OBJC_MSGSEND = YES;
				ENABLE_TESTABILITY = YES;
				ENABLE_USER_SCRIPT_SANDBOXING = YES;
				GCC_C_LANGUAGE_STANDARD = gnu17;
				GCC_DYNAMIC_NO_PIC = NO;
				GCC_NO_COMMON_BLOCKS = YES;
				GCC_OPTIMIZATION_LEVEL = 0;
				GCC_PREPROCESSOR_DEFINITIONS = (
					"DEBUG=1",
					"$(inherited)",
				);
				GCC_WARN_64_TO_32_BIT_CONVERSION = YES;
				GCC_WARN_ABOUT_RETURN_TYPE = YES_ERROR;
				GCC_WARN_UNDECLARED_SELECTOR = YES;
				GCC_WARN_UNINITIALIZED_AUTOS = YES_AGGRESSIVE;
				GCC_WARN_UNUSED_FUNCTION = YES;
				GCC_WARN_UNUSED_VARIABLE = YES;
				IPHONEOS_DEPLOYMENT_TARGET = 17.0;
				LOCALIZATION_PREFERS_STRING_CATALOGS = YES;
				MTL_ENABLE_DEBUG_INFO = INCLUDE_SOURCE;
				MTL_FAST_MATH = YES;
				ONLY_ACTIVE_ARCH = YES;
				SDKROOT = iphoneos;
				SWIFT_ACTIVE_COMPILATION_CONDITIONS = "DEBUG $(inherited)";
				SWIFT_OPTIMIZATION_LEVEL = "-Onone";
			};
			name = Debug;
		};
		6F8F737B2AF92E02006D6AF3 /* Release */ = {
			isa = XCBuildConfiguration;
			buildSettings = {
				ALWAYS_SEARCH_USER_PATHS = NO;
				ASSETCATALOG_COMPILER_GENERATE_SWIFT_ASSET_SYMBOL_EXTENSIONS = YES;
				CLANG_ANALYZER_NONNULL = YES;
				CLANG_ANALYZER_NUMBER_OBJECT_CONVERSION = YES_AGGRESSIVE;
				CLANG_CXX_LANGUAGE_STANDARD = "gnu++20";
				CLANG_ENABLE_MODULES = YES;
				CLANG_ENABLE_OBJC_ARC = YES;
				CLANG_ENABLE_OBJC_WEAK = YES;
				CLANG_WARN_BLOCK_CAPTURE_AUTORELEASING = YES;
				CLANG_WARN_BOOL_CONVERSION = YES;
				CLANG_WARN_COMMA = YES;
				CLANG_WARN_CONSTANT_CONVERSION = YES;
				CLANG_WARN_DEPRECATED_OBJC_IMPLEMENTATIONS = YES;
				CLANG_WARN_DIRECT_OBJC_ISA_USAGE = YES_ERROR;
				CLANG_WARN_DOCUMENTATION_COMMENTS = YES;
				CLANG_WARN_EMPTY_BODY = YES;
				CLANG_WARN_ENUM_CONVERSION = YES;
				CLANG_WARN_INFINITE_RECURSION = YES;
				CLANG_WARN_INT_CONVERSION = YES;
				CLANG_WARN_NON_LITERAL_NULL_CONVERSION = YES;
				CLANG_WARN_OBJC_IMPLICIT_RETAIN_SELF = YES;
				CLANG_WARN_OBJC_LITERAL_CONVERSION = YES;
				CLANG_WARN_OBJC_ROOT_CLASS = YES_ERROR;
				CLANG_WARN_QUOTED_INCLUDE_IN_FRAMEWORK_HEADER = YES;
				CLANG_WARN_RANGE_LOOP_ANALYSIS = YES;
				CLANG_WARN_STRICT_PROTOTYPES = YES;
				CLANG_WARN_SUSPICIOUS_MOVE = YES;
				CLANG_WARN_UNGUARDED_AVAILABILITY = YES_AGGRESSIVE;
				CLANG_WARN_UNREACHABLE_CODE = YES;
				CLANG_WARN__DUPLICATE_METHOD_MATCH = YES;
				COPY_PHASE_STRIP = NO;
				DEBUG_INFORMATION_FORMAT = "dwarf-with-dsym";
				ENABLE_NS_ASSERTIONS = NO;
				ENABLE_STRICT_OBJC_MSGSEND = YES;
				ENABLE_USER_SCRIPT_SANDBOXING = YES;
				GCC_C_LANGUAGE_STANDARD = gnu17;
				GCC_NO_COMMON_BLOCKS = YES;
				GCC_WARN_64_TO_32_BIT_CONVERSION = YES;
				GCC_WARN_ABOUT_RETURN_TYPE = YES_ERROR;
				GCC_WARN_UNDECLARED_SELECTOR = YES;
				GCC_WARN_UNINITIALIZED_AUTOS = YES_AGGRESSIVE;
				GCC_WARN_UNUSED_FUNCTION = YES;
				GCC_WARN_UNUSED_VARIABLE = YES;
				IPHONEOS_DEPLOYMENT_TARGET = 17.0;
				LOCALIZATION_PREFERS_STRING_CATALOGS = YES;
				MTL_ENABLE_DEBUG_INFO = NO;
				MTL_FAST_MATH = YES;
				SDKROOT = iphoneos;
				SWIFT_COMPILATION_MODE = wholemodule;
				VALIDATE_PRODUCT = YES;
			};
			name = Release;
		};
		6F8F737D2AF92E02006D6AF3 /* Debug */ = {
			isa = XCBuildConfiguration;
			buildSettings = {
				ASSETCATALOG_COMPILER_APPICON_NAME = AppIcon;
				ASSETCATALOG_COMPILER_GLOBAL_ACCENT_COLOR_NAME = AccentColor;
				CODE_SIGN_STYLE = Automatic;
				CURRENT_PROJECT_VERSION = 1;
				DEVELOPMENT_TEAM = JT5962HWNA;
				GENERATE_INFOPLIST_FILE = YES;
				INFOPLIST_FILE = DrawingApp/Info.plist;
				INFOPLIST_KEY_UIApplicationSupportsIndirectInputEvents = YES;
				INFOPLIST_KEY_UILaunchStoryboardName = LaunchScreen;
				INFOPLIST_KEY_UIMainStoryboardFile = Main;
				INFOPLIST_KEY_UISupportedInterfaceOrientations_iPad = "UIInterfaceOrientationPortrait UIInterfaceOrientationPortraitUpsideDown UIInterfaceOrientationLandscapeLeft UIInterfaceOrientationLandscapeRight";
				INFOPLIST_KEY_UISupportedInterfaceOrientations_iPhone = "UIInterfaceOrientationPortrait UIInterfaceOrientationLandscapeLeft UIInterfaceOrientationLandscapeRight";
				LD_RUNPATH_SEARCH_PATHS = (
					"$(inherited)",
					"@executable_path/Frameworks",
				);
				MARKETING_VERSION = 1.0;
				PRODUCT_BUNDLE_IDENTIFIER = "com.ios-architecture.DrawingApp";
				PRODUCT_NAME = "$(TARGET_NAME)";
				SWIFT_EMIT_LOC_STRINGS = YES;
				SWIFT_VERSION = 5.0;
				TARGETED_DEVICE_FAMILY = "1,2";
			};
			name = Debug;
		};
		6F8F737E2AF92E02006D6AF3 /* Release */ = {
			isa = XCBuildConfiguration;
			buildSettings = {
				ASSETCATALOG_COMPILER_APPICON_NAME = AppIcon;
				ASSETCATALOG_COMPILER_GLOBAL_ACCENT_COLOR_NAME = AccentColor;
				CODE_SIGN_STYLE = Automatic;
				CURRENT_PROJECT_VERSION = 1;
				DEVELOPMENT_TEAM = JT5962HWNA;
				GENERATE_INFOPLIST_FILE = YES;
				INFOPLIST_FILE = DrawingApp/Info.plist;
				INFOPLIST_KEY_UIApplicationSupportsIndirectInputEvents = YES;
				INFOPLIST_KEY_UILaunchStoryboardName = LaunchScreen;
				INFOPLIST_KEY_UIMainStoryboardFile = Main;
				INFOPLIST_KEY_UISupportedInterfaceOrientations_iPad = "UIInterfaceOrientationPortrait UIInterfaceOrientationPortraitUpsideDown UIInterfaceOrientationLandscapeLeft UIInterfaceOrientationLandscapeRight";
				INFOPLIST_KEY_UISupportedInterfaceOrientations_iPhone = "UIInterfaceOrientationPortrait UIInterfaceOrientationLandscapeLeft UIInterfaceOrientationLandscapeRight";
				LD_RUNPATH_SEARCH_PATHS = (
					"$(inherited)",
					"@executable_path/Frameworks",
				);
				MARKETING_VERSION = 1.0;
				PRODUCT_BUNDLE_IDENTIFIER = "com.ios-architecture.DrawingApp";
				PRODUCT_NAME = "$(TARGET_NAME)";
				SWIFT_EMIT_LOC_STRINGS = YES;
				SWIFT_VERSION = 5.0;
				TARGETED_DEVICE_FAMILY = "1,2";
			};
			name = Release;
		};
		6F8F73802AF92E02006D6AF3 /* Debug */ = {
			isa = XCBuildConfiguration;
			buildSettings = {
				ALWAYS_EMBED_SWIFT_STANDARD_LIBRARIES = YES;
				BUNDLE_LOADER = "$(TEST_HOST)";
				CODE_SIGN_STYLE = Automatic;
				CURRENT_PROJECT_VERSION = 1;
				DEVELOPMENT_TEAM = JT5962HWNA;
				GENERATE_INFOPLIST_FILE = YES;
				IPHONEOS_DEPLOYMENT_TARGET = 17.0;
				MARKETING_VERSION = 1.0;
				PRODUCT_BUNDLE_IDENTIFIER = "com.ios-architecture.DrawingAppTests";
				PRODUCT_NAME = "$(TARGET_NAME)";
				SWIFT_EMIT_LOC_STRINGS = NO;
				SWIFT_VERSION = 5.0;
				TARGETED_DEVICE_FAMILY = "1,2";
				TEST_HOST = "$(BUILT_PRODUCTS_DIR)/DrawingApp.app/$(BUNDLE_EXECUTABLE_FOLDER_PATH)/DrawingApp";
			};
			name = Debug;
		};
		6F8F73812AF92E02006D6AF3 /* Release */ = {
			isa = XCBuildConfiguration;
			buildSettings = {
				ALWAYS_EMBED_SWIFT_STANDARD_LIBRARIES = YES;
				BUNDLE_LOADER = "$(TEST_HOST)";
				CODE_SIGN_STYLE = Automatic;
				CURRENT_PROJECT_VERSION = 1;
				DEVELOPMENT_TEAM = JT5962HWNA;
				GENERATE_INFOPLIST_FILE = YES;
				IPHONEOS_DEPLOYMENT_TARGET = 17.0;
				MARKETING_VERSION = 1.0;
				PRODUCT_BUNDLE_IDENTIFIER = "com.ios-architecture.DrawingAppTests";
				PRODUCT_NAME = "$(TARGET_NAME)";
				SWIFT_EMIT_LOC_STRINGS = NO;
				SWIFT_VERSION = 5.0;
				TARGETED_DEVICE_FAMILY = "1,2";
				TEST_HOST = "$(BUILT_PRODUCTS_DIR)/DrawingApp.app/$(BUNDLE_EXECUTABLE_FOLDER_PATH)/DrawingApp";
			};
			name = Release;
		};
		6F8F73832AF92E02006D6AF3 /* Debug */ = {
			isa = XCBuildConfiguration;
			buildSettings = {
				ALWAYS_EMBED_SWIFT_STANDARD_LIBRARIES = YES;
				CODE_SIGN_STYLE = Automatic;
				CURRENT_PROJECT_VERSION = 1;
				DEVELOPMENT_TEAM = JT5962HWNA;
				GENERATE_INFOPLIST_FILE = YES;
				MARKETING_VERSION = 1.0;
				PRODUCT_BUNDLE_IDENTIFIER = "com.ios-architecture.DrawingAppUITests";
				PRODUCT_NAME = "$(TARGET_NAME)";
				SWIFT_EMIT_LOC_STRINGS = NO;
				SWIFT_VERSION = 5.0;
				TARGETED_DEVICE_FAMILY = "1,2";
				TEST_TARGET_NAME = DrawingApp;
			};
			name = Debug;
		};
		6F8F73842AF92E02006D6AF3 /* Release */ = {
			isa = XCBuildConfiguration;
			buildSettings = {
				ALWAYS_EMBED_SWIFT_STANDARD_LIBRARIES = YES;
				CODE_SIGN_STYLE = Automatic;
				CURRENT_PROJECT_VERSION = 1;
				DEVELOPMENT_TEAM = JT5962HWNA;
				GENERATE_INFOPLIST_FILE = YES;
				MARKETING_VERSION = 1.0;
				PRODUCT_BUNDLE_IDENTIFIER = "com.ios-architecture.DrawingAppUITests";
				PRODUCT_NAME = "$(TARGET_NAME)";
				SWIFT_EMIT_LOC_STRINGS = NO;
				SWIFT_VERSION = 5.0;
				TARGETED_DEVICE_FAMILY = "1,2";
				TEST_TARGET_NAME = DrawingApp;
			};
			name = Release;
		};
/* End XCBuildConfiguration section */

/* Begin XCConfigurationList section */
		6F8F734D2AF92E01006D6AF3 /* Build configuration list for PBXProject "DrawingApp" */ = {
			isa = XCConfigurationList;
			buildConfigurations = (
				6F8F737A2AF92E02006D6AF3 /* Debug */,
				6F8F737B2AF92E02006D6AF3 /* Release */,
			);
			defaultConfigurationIsVisible = 0;
			defaultConfigurationName = Release;
		};
		6F8F737C2AF92E02006D6AF3 /* Build configuration list for PBXNativeTarget "DrawingApp" */ = {
			isa = XCConfigurationList;
			buildConfigurations = (
				6F8F737D2AF92E02006D6AF3 /* Debug */,
				6F8F737E2AF92E02006D6AF3 /* Release */,
			);
			defaultConfigurationIsVisible = 0;
			defaultConfigurationName = Release;
		};
		6F8F737F2AF92E02006D6AF3 /* Build configuration list for PBXNativeTarget "DrawingAppTests" */ = {
			isa = XCConfigurationList;
			buildConfigurations = (
				6F8F73802AF92E02006D6AF3 /* Debug */,
				6F8F73812AF92E02006D6AF3 /* Release */,
			);
			defaultConfigurationIsVisible = 0;
			defaultConfigurationName = Release;
		};
		6F8F73822AF92E02006D6AF3 /* Build configuration list for PBXNativeTarget "DrawingAppUITests" */ = {
			isa = XCConfigurationList;
			buildConfigurations = (
				6F8F73832AF92E02006D6AF3 /* Debug */,
				6F8F73842AF92E02006D6AF3 /* Release */,
			);
			defaultConfigurationIsVisible = 0;
			defaultConfigurationName = Release;
		};
/* End XCConfigurationList section */
	};
	rootObject = 6F8F734A2AF92E01006D6AF3 /* Project object */;
}
